// !$*UTF8*$!
{
	archiveVersion = 1;
	classes = {
	};
	objectVersion = 50;
	objects = {

/* Begin PBXBuildFile section */
		DDA72AF2248492B700864D73 /* AppDelegate.swift in Sources */ = {isa = PBXBuildFile; fileRef = DDA72AF1248492B700864D73 /* AppDelegate.swift */; };
		DDA72AF4248492B700864D73 /* SceneDelegate.swift in Sources */ = {isa = PBXBuildFile; fileRef = DDA72AF3248492B700864D73 /* SceneDelegate.swift */; };
		DDA72AF6248492B700864D73 /* WelcomeController.swift in Sources */ = {isa = PBXBuildFile; fileRef = DDA72AF5248492B700864D73 /* WelcomeController.swift */; };
		DDA72AF9248492B700864D73 /* Main.storyboard in Resources */ = {isa = PBXBuildFile; fileRef = DDA72AF7248492B700864D73 /* Main.storyboard */; };
		DDA72AFB248492BA00864D73 /* Assets.xcassets in Resources */ = {isa = PBXBuildFile; fileRef = DDA72AFA248492BA00864D73 /* Assets.xcassets */; };
		DDA72AFE248492BA00864D73 /* LaunchScreen.storyboard in Resources */ = {isa = PBXBuildFile; fileRef = DDA72AFC248492BA00864D73 /* LaunchScreen.storyboard */; };
		DDA72B062484934300864D73 /* HomeController.swift in Sources */ = {isa = PBXBuildFile; fileRef = DDA72B052484934300864D73 /* HomeController.swift */; };
		DDA72B082484937900864D73 /* HomeCell.swift in Sources */ = {isa = PBXBuildFile; fileRef = DDA72B072484937900864D73 /* HomeCell.swift */; };
		DDA72B0A248493B700864D73 /* HeaderView.swift in Sources */ = {isa = PBXBuildFile; fileRef = DDA72B09248493B700864D73 /* HeaderView.swift */; };
		DDA72B0C2484940200864D73 /* String+Extension.swift in Sources */ = {isa = PBXBuildFile; fileRef = DDA72B0B2484940200864D73 /* String+Extension.swift */; };
/* End PBXBuildFile section */

/* Begin PBXFileReference section */
		DDA72AEE248492B700864D73 /* iOSi18nDemoApp.app */ = {isa = PBXFileReference; explicitFileType = wrapper.application; includeInIndex = 0; path = iOSi18nDemoApp.app; sourceTree = BUILT_PRODUCTS_DIR; };
		DDA72AF1248492B700864D73 /* AppDelegate.swift */ = {isa = PBXFileReference; lastKnownFileType = sourcecode.swift; path = AppDelegate.swift; sourceTree = "<group>"; };
		DDA72AF3248492B700864D73 /* SceneDelegate.swift */ = {isa = PBXFileReference; lastKnownFileType = sourcecode.swift; path = SceneDelegate.swift; sourceTree = "<group>"; };
		DDA72AF5248492B700864D73 /* WelcomeController.swift */ = {isa = PBXFileReference; lastKnownFileType = sourcecode.swift; path = WelcomeController.swift; sourceTree = "<group>"; };
		DDA72AF8248492B700864D73 /* Base */ = {isa = PBXFileReference; lastKnownFileType = file.storyboard; name = Base; path = Base.lproj/Main.storyboard; sourceTree = "<group>"; };
		DDA72AFA248492BA00864D73 /* Assets.xcassets */ = {isa = PBXFileReference; lastKnownFileType = folder.assetcatalog; path = Assets.xcassets; sourceTree = "<group>"; };
		DDA72AFD248492BA00864D73 /* Base */ = {isa = PBXFileReference; lastKnownFileType = file.storyboard; name = Base; path = Base.lproj/LaunchScreen.storyboard; sourceTree = "<group>"; };
		DDA72AFF248492BA00864D73 /* Info.plist */ = {isa = PBXFileReference; lastKnownFileType = text.plist.xml; path = Info.plist; sourceTree = "<group>"; };
		DDA72B052484934300864D73 /* HomeController.swift */ = {isa = PBXFileReference; lastKnownFileType = sourcecode.swift; path = HomeController.swift; sourceTree = "<group>"; };
		DDA72B072484937900864D73 /* HomeCell.swift */ = {isa = PBXFileReference; lastKnownFileType = sourcecode.swift; path = HomeCell.swift; sourceTree = "<group>"; };
		DDA72B09248493B700864D73 /* HeaderView.swift */ = {isa = PBXFileReference; lastKnownFileType = sourcecode.swift; path = HeaderView.swift; sourceTree = "<group>"; };
		DDA72B0B2484940200864D73 /* String+Extension.swift */ = {isa = PBXFileReference; lastKnownFileType = sourcecode.swift; path = "String+Extension.swift"; sourceTree = "<group>"; };
/* End PBXFileReference section */

/* Begin PBXFrameworksBuildPhase section */
		DDA72AEB248492B700864D73 /* Frameworks */ = {
			isa = PBXFrameworksBuildPhase;
			buildActionMask = 2147483647;
			files = (
			);
			runOnlyForDeploymentPostprocessing = 0;
		};
/* End PBXFrameworksBuildPhase section */

/* Begin PBXGroup section */
		DDA72AE5248492B700864D73 = {
			isa = PBXGroup;
			children = (
				DDA72AF0248492B700864D73 /* iOSi18nDemoApp */,
				DDA72AEF248492B700864D73 /* Products */,
			);
			sourceTree = "<group>";
		};
		DDA72AEF248492B700864D73 /* Products */ = {
			isa = PBXGroup;
			children = (
				DDA72AEE248492B700864D73 /* iOSi18nDemoApp.app */,
			);
			name = Products;
			sourceTree = "<group>";
		};
		DDA72AF0248492B700864D73 /* iOSi18nDemoApp */ = {
			isa = PBXGroup;
			children = (
				DDA72AF1248492B700864D73 /* AppDelegate.swift */,
				DDA72AF3248492B700864D73 /* SceneDelegate.swift */,
				DDA72B072484937900864D73 /* HomeCell.swift */,
				DDA72B052484934300864D73 /* HomeController.swift */,
				DDA72B09248493B700864D73 /* HeaderView.swift */,
				DDA72AF5248492B700864D73 /* WelcomeController.swift */,
				DDA72B0B2484940200864D73 /* String+Extension.swift */,
				DDA72AF7248492B700864D73 /* Main.storyboard */,
				DDA72AFA248492BA00864D73 /* Assets.xcassets */,
				DDA72AFC248492BA00864D73 /* LaunchScreen.storyboard */,
				DDA72AFF248492BA00864D73 /* Info.plist */,
			);
			path = iOSi18nDemoApp;
			sourceTree = "<group>";
		};
/* End PBXGroup section */

/* Begin PBXNativeTarget section */
		DDA72AED248492B700864D73 /* iOSi18nDemoApp */ = {
			isa = PBXNativeTarget;
			buildConfigurationList = DDA72B02248492BA00864D73 /* Build configuration list for PBXNativeTarget "iOSi18nDemoApp" */;
			buildPhases = (
				DDA72AEA248492B700864D73 /* Sources */,
				DDA72AEB248492B700864D73 /* Frameworks */,
				DDA72AEC248492B700864D73 /* Resources */,
			);
			buildRules = (
			);
			dependencies = (
			);
			name = iOSi18nDemoApp;
			productName = iOSi18nDemoApp;
			productReference = DDA72AEE248492B700864D73 /* iOSi18nDemoApp.app */;
			productType = "com.apple.product-type.application";
		};
/* End PBXNativeTarget section */

/* Begin PBXProject section */
		DDA72AE6248492B700864D73 /* Project object */ = {
			isa = PBXProject;
			attributes = {
				LastSwiftUpdateCheck = 1150;
				LastUpgradeCheck = 1150;
				ORGANIZATIONNAME = "Onyekachi Ezeoke";
				TargetAttributes = {
					DDA72AED248492B700864D73 = {
						CreatedOnToolsVersion = 11.5;
					};
				};
			};
			buildConfigurationList = DDA72AE9248492B700864D73 /* Build configuration list for PBXProject "iOSi18nDemoApp" */;
			compatibilityVersion = "Xcode 9.3";
			developmentRegion = en;
			hasScannedForEncodings = 0;
			knownRegions = (
				en,
				Base,
			);
			mainGroup = DDA72AE5248492B700864D73;
			productRefGroup = DDA72AEF248492B700864D73 /* Products */;
			projectDirPath = "";
			projectRoot = "";
			targets = (
				DDA72AED248492B700864D73 /* iOSi18nDemoApp */,
			);
		};
/* End PBXProject section */

/* Begin PBXResourcesBuildPhase section */
		DDA72AEC248492B700864D73 /* Resources */ = {
			isa = PBXResourcesBuildPhase;
			buildActionMask = 2147483647;
			files = (
				DDA72AFE248492BA00864D73 /* LaunchScreen.storyboard in Resources */,
				DDA72AFB248492BA00864D73 /* Assets.xcassets in Resources */,
				DDA72AF9248492B700864D73 /* Main.storyboard in Resources */,
			);
			runOnlyForDeploymentPostprocessing = 0;
		};
/* End PBXResourcesBuildPhase section */

/* Begin PBXSourcesBuildPhase section */
		DDA72AEA248492B700864D73 /* Sources */ = {
			isa = PBXSourcesBuildPhase;
			buildActionMask = 2147483647;
			files = (
				DDA72B062484934300864D73 /* HomeController.swift in Sources */,
				DDA72B0C2484940200864D73 /* String+Extension.swift in Sources */,
				DDA72B0A248493B700864D73 /* HeaderView.swift in Sources */,
				DDA72AF6248492B700864D73 /* WelcomeController.swift in Sources */,
				DDA72AF2248492B700864D73 /* AppDelegate.swift in Sources */,
				DDA72AF4248492B700864D73 /* SceneDelegate.swift in Sources */,
				DDA72B082484937900864D73 /* HomeCell.swift in Sources */,
			);
			runOnlyForDeploymentPostprocessing = 0;
		};
/* End PBXSourcesBuildPhase section */

/* Begin PBXVariantGroup section */
		DDA72AF7248492B700864D73 /* Main.storyboard */ = {
			isa = PBXVariantGroup;
			children = (
				DDA72AF8248492B700864D73 /* Base */,
			);
			name = Main.storyboard;
			sourceTree = "<group>";
		};
		DDA72AFC248492BA00864D73 /* LaunchScreen.storyboard */ = {
			isa = PBXVariantGroup;
			children = (
				DDA72AFD248492BA00864D73 /* Base */,
			);
			name = LaunchScreen.storyboard;
			sourceTree = "<group>";
		};
/* End PBXVariantGroup section */

/* Begin XCBuildConfiguration section */
		DDA72B00248492BA00864D73 /* Debug */ = {
			isa = XCBuildConfiguration;
			buildSettings = {
				ALWAYS_SEARCH_USER_PATHS = NO;
				CLANG_ANALYZER_NONNULL = YES;
				CLANG_ANALYZER_NUMBER_OBJECT_CONVERSION = YES_AGGRESSIVE;
				CLANG_CXX_LANGUAGE_STANDARD = "gnu++14";
				CLANG_CXX_LIBRARY = "libc++";
				CLANG_ENABLE_MODULES = YES;
				CLANG_ENABLE_OBJC_ARC = YES;
				CLANG_ENABLE_OBJC_WEAK = YES;
				CLANG_WARN_BLOCK_CAPTURE_AUTORELEASING = YES;
				CLANG_WARN_BOOL_CONVERSION = YES;
				CLANG_WARN_COMMA = YES;
				CLANG_WARN_CONSTANT_CONVERSION = YES;
				CLANG_WARN_DEPRECATED_OBJC_IMPLEMENTATIONS = YES;
				CLANG_WARN_DIRECT_OBJC_ISA_USAGE = YES_ERROR;
				CLANG_WARN_DOCUMENTATION_COMMENTS = YES;
				CLANG_WARN_EMPTY_BODY = YES;
				CLANG_WARN_ENUM_CONVERSION = YES;
				CLANG_WARN_INFINITE_RECURSION = YES;
				CLANG_WARN_INT_CONVERSION = YES;
				CLANG_WARN_NON_LITERAL_NULL_CONVERSION = YES;
				CLANG_WARN_OBJC_IMPLICIT_RETAIN_SELF = YES;
				CLANG_WARN_OBJC_LITERAL_CONVERSION = YES;
				CLANG_WARN_OBJC_ROOT_CLASS = YES_ERROR;
				CLANG_WARN_RANGE_LOOP_ANALYSIS = YES;
				CLANG_WARN_STRICT_PROTOTYPES = YES;
				CLANG_WARN_SUSPICIOUS_MOVE = YES;
				CLANG_WARN_UNGUARDED_AVAILABILITY = YES_AGGRESSIVE;
				CLANG_WARN_UNREACHABLE_CODE = YES;
				CLANG_WARN__DUPLICATE_METHOD_MATCH = YES;
				COPY_PHASE_STRIP = NO;
				DEBUG_INFORMATION_FORMAT = dwarf;
				ENABLE_STRICT_OBJC_MSGSEND = YES;
				ENABLE_TESTABILITY = YES;
				GCC_C_LANGUAGE_STANDARD = gnu11;
				GCC_DYNAMIC_NO_PIC = NO;
				GCC_NO_COMMON_BLOCKS = YES;
				GCC_OPTIMIZATION_LEVEL = 0;
				GCC_PREPROCESSOR_DEFINITIONS = (
					"DEBUG=1",
					"$(inherited)",
				);
				GCC_WARN_64_TO_32_BIT_CONVERSION = YES;
				GCC_WARN_ABOUT_RETURN_TYPE = YES_ERROR;
				GCC_WARN_UNDECLARED_SELECTOR = YES;
				GCC_WARN_UNINITIALIZED_AUTOS = YES_AGGRESSIVE;
				GCC_WARN_UNUSED_FUNCTION = YES;
				GCC_WARN_UNUSED_VARIABLE = YES;
				IPHONEOS_DEPLOYMENT_TARGET = 13.5;
				MTL_ENABLE_DEBUG_INFO = INCLUDE_SOURCE;
				MTL_FAST_MATH = YES;
				ONLY_ACTIVE_ARCH = YES;
				SDKROOT = iphoneos;
				SWIFT_ACTIVE_COMPILATION_CONDITIONS = DEBUG;
				SWIFT_OPTIMIZATION_LEVEL = "-Onone";
			};
			name = Debug;
		};
		DDA72B01248492BA00864D73 /* Release */ = {
			isa = XCBuildConfiguration;
			buildSettings = {
				ALWAYS_SEARCH_USER_PATHS = NO;
				CLANG_ANALYZER_NONNULL = YES;
				CLANG_ANALYZER_NUMBER_OBJECT_CONVERSION = YES_AGGRESSIVE;
				CLANG_CXX_LANGUAGE_STANDARD = "gnu++14";
				CLANG_CXX_LIBRARY = "libc++";
				CLANG_ENABLE_MODULES = YES;
				CLANG_ENABLE_OBJC_ARC = YES;
				CLANG_ENABLE_OBJC_WEAK = YES;
				CLANG_WARN_BLOCK_CAPTURE_AUTORELEASING = YES;
				CLANG_WARN_BOOL_CONVERSION = YES;
				CLANG_WARN_COMMA = YES;
				CLANG_WARN_CONSTANT_CONVERSION = YES;
				CLANG_WARN_DEPRECATED_OBJC_IMPLEMENTATIONS = YES;
				CLANG_WARN_DIRECT_OBJC_ISA_USAGE = YES_ERROR;
				CLANG_WARN_DOCUMENTATION_COMMENTS = YES;
				CLANG_WARN_EMPTY_BODY = YES;
				CLANG_WARN_ENUM_CONVERSION = YES;
				CLANG_WARN_INFINITE_RECURSION = YES;
				CLANG_WARN_INT_CONVERSION = YES;
				CLANG_WARN_NON_LITERAL_NULL_CONVERSION = YES;
				CLANG_WARN_OBJC_IMPLICIT_RETAIN_SELF = YES;
				CLANG_WARN_OBJC_LITERAL_CONVERSION = YES;
				CLANG_WARN_OBJC_ROOT_CLASS = YES_ERROR;
				CLANG_WARN_RANGE_LOOP_ANALYSIS = YES;
				CLANG_WARN_STRICT_PROTOTYPES = YES;
				CLANG_WARN_SUSPICIOUS_MOVE = YES;
				CLANG_WARN_UNGUARDED_AVAILABILITY = YES_AGGRESSIVE;
				CLANG_WARN_UNREACHABLE_CODE = YES;
				CLANG_WARN__DUPLICATE_METHOD_MATCH = YES;
				COPY_PHASE_STRIP = NO;
				DEBUG_INFORMATION_FORMAT = "dwarf-with-dsym";
				ENABLE_NS_ASSERTIONS = NO;
				ENABLE_STRICT_OBJC_MSGSEND = YES;
				GCC_C_LANGUAGE_STANDARD = gnu11;
				GCC_NO_COMMON_BLOCKS = YES;
				GCC_WARN_64_TO_32_BIT_CONVERSION = YES;
				GCC_WARN_ABOUT_RETURN_TYPE = YES_ERROR;
				GCC_WARN_UNDECLARED_SELECTOR = YES;
				GCC_WARN_UNINITIALIZED_AUTOS = YES_AGGRESSIVE;
				GCC_WARN_UNUSED_FUNCTION = YES;
				GCC_WARN_UNUSED_VARIABLE = YES;
				IPHONEOS_DEPLOYMENT_TARGET = 13.5;
				MTL_ENABLE_DEBUG_INFO = NO;
				MTL_FAST_MATH = YES;
				SDKROOT = iphoneos;
				SWIFT_COMPILATION_MODE = wholemodule;
				SWIFT_OPTIMIZATION_LEVEL = "-O";
				VALIDATE_PRODUCT = YES;
			};
			name = Release;
		};
		DDA72B03248492BA00864D73 /* Debug */ = {
			isa = XCBuildConfiguration;
			buildSettings = {
				ASSETCATALOG_COMPILER_APPICON_NAME = AppIcon;
				CODE_SIGN_STYLE = Automatic;
				DEVELOPMENT_TEAM = YT3VFVK232;
				INFOPLIST_FILE = iOSi18nDemoApp/Info.plist;
				LD_RUNPATH_SEARCH_PATHS = (
					"$(inherited)",
					"@executable_path/Frameworks",
				);
				PRODUCT_BUNDLE_IDENTIFIER = me.swiftnuggets.iOSi18nDemoApp;
				PRODUCT_NAME = "$(TARGET_NAME)";
				SWIFT_VERSION = 5.0;
				TARGETED_DEVICE_FAMILY = 1;
			};
			name = Debug;
		};
		DDA72B04248492BA00864D73 /* Release */ = {
			isa = XCBuildConfiguration;
			buildSettings = {
				ASSETCATALOG_COMPILER_APPICON_NAME = AppIcon;
				CODE_SIGN_STYLE = Automatic;
				DEVELOPMENT_TEAM = YT3VFVK232;
				INFOPLIST_FILE = iOSi18nDemoApp/Info.plist;
				LD_RUNPATH_SEARCH_PATHS = (
					"$(inherited)",
					"@executable_path/Frameworks",
				);
				PRODUCT_BUNDLE_IDENTIFIER = me.swiftnuggets.iOSi18nDemoApp;
				PRODUCT_NAME = "$(TARGET_NAME)";
				SWIFT_VERSION = 5.0;
				TARGETED_DEVICE_FAMILY = 1;
			};
			name = Release;
		};
/* End XCBuildConfiguration section */

/* Begin XCConfigurationList section */
		DDA72AE9248492B700864D73 /* Build configuration list for PBXProject "iOSi18nDemoApp" */ = {
			isa = XCConfigurationList;
			buildConfigurations = (
				DDA72B00248492BA00864D73 /* Debug */,
				DDA72B01248492BA00864D73 /* Release */,
			);
			defaultConfigurationIsVisible = 0;
			defaultConfigurationName = Release;
		};
		DDA72B02248492BA00864D73 /* Build configuration list for PBXNativeTarget "iOSi18nDemoApp" */ = {
			isa = XCConfigurationList;
			buildConfigurations = (
				DDA72B03248492BA00864D73 /* Debug */,
				DDA72B04248492BA00864D73 /* Release */,
			);
			defaultConfigurationIsVisible = 0;
			defaultConfigurationName = Release;
		};
/* End XCConfigurationList section */
	};
	rootObject = DDA72AE6248492B700864D73 /* Project object */;
}
